
Microsoft Visual Studio Solution File, Format Version 12.00
# Visual Studio Version 17
VisualStudioVersion = 17.2.32602.215
MinimumVisualStudioVersion = 10.0.40219.1
Project("{FAE04EC0-301F-11D3-BF4B-00C04F79EFBC}") = "BrowserChat.Backend", "BrowserChat.Backend\BrowserChat.Backend.csproj", "{188BE829-AF0E-4399-B8DC-D8E08D6DEBFA}"
EndProject
Project("{FAE04EC0-301F-11D3-BF4B-00C04F79EFBC}") = "BrowserChat.Entity", "BrowserChat.Entity\BrowserChat.Entity.csproj", "{7D35889A-A523-4538-B0ED-43971DCE8893}"
EndProject
Project("{FAE04EC0-301F-11D3-BF4B-00C04F79EFBC}") = "BrowserChat.Util", "BrowserChat.Util\BrowserChat.Util.csproj", "{B21CD03D-ABA0-4A98-AF8B-8D1ED3849680}"
EndProject
Global
	GlobalSection(SolutionConfigurationPlatforms) = preSolution
		Debug|Any CPU = Debug|Any CPU
		Release|Any CPU = Release|Any CPU
	EndGlobalSection
	GlobalSection(ProjectConfigurationPlatforms) = postSolution
		{188BE829-AF0E-4399-B8DC-D8E08D6DEBFA}.Debug|Any CPU.ActiveCfg = Debug|Any CPU
		{188BE829-AF0E-4399-B8DC-D8E08D6DEBFA}.Debug|Any CPU.Build.0 = Debug|Any CPU
		{188BE829-AF0E-4399-B8DC-D8E08D6DEBFA}.Release|Any CPU.ActiveCfg = Release|Any CPU
		{188BE829-AF0E-4399-B8DC-D8E08D6DEBFA}.Release|Any CPU.Build.0 = Release|Any CPU
		{7D35889A-A523-4538-B0ED-43971DCE8893}.Debug|Any CPU.ActiveCfg = Debug|Any CPU
		{7D35889A-A523-4538-B0ED-43971DCE8893}.Debug|Any CPU.Build.0 = Debug|Any CPU
		{7D35889A-A523-4538-B0ED-43971DCE8893}.Release|Any CPU.ActiveCfg = Release|Any CPU
		{7D35889A-A523-4538-B0ED-43971DCE8893}.Release|Any CPU.Build.0 = Release|Any CPU
		{B21CD03D-ABA0-4A98-AF8B-8D1ED3849680}.Debug|Any CPU.ActiveCfg = Debug|Any CPU
		{B21CD03D-ABA0-4A98-AF8B-8D1ED3849680}.Debug|Any CPU.Build.0 = Debug|Any CPU
		{B21CD03D-ABA0-4A98-AF8B-8D1ED3849680}.Release|Any CPU.ActiveCfg = Release|Any CPU
		{B21CD03D-ABA0-4A98-AF8B-8D1ED3849680}.Release|Any CPU.Build.0 = Release|Any CPU
	EndGlobalSection
	GlobalSection(SolutionProperties) = preSolution
		HideSolutionNode = FALSE
	EndGlobalSection
	GlobalSection(ExtensibilityGlobals) = postSolution
		SolutionGuid = {6E146CC8-B007-4574-8B93-09B54A3873B0}
	EndGlobalSection
EndGlobal
